Microsoft Visual Studio Solution File, Format Version 11.00
# Visual Studio 2010
Project("{FAE04EC0-301F-11D3-BF4B-00C04F79EFBC}") = "Assembly-CSharp", "Assembly-CSharp.csproj", "{A441EA5E-B3D6-9E9A-47C4-3AAC6BEEAA40}"
EndProject
Project("{FAE04EC0-301F-11D3-BF4B-00C04F79EFBC}") = "Assembly-CSharp-Editor", "Assembly-CSharp-Editor.csproj", "{70F9BFEA-CC6B-AE40-5EC9-6592E89629BE}"
EndProject
Global
	GlobalSection(SolutionConfigurationPlatforms) = preSolution
		Debug|Any CPU = Debug|Any CPU
		Release|Any CPU = Release|Any CPU
	EndGlobalSection
	GlobalSection(ProjectConfigurationPlatforms) = postSolution
		{A441EA5E-B3D6-9E9A-47C4-3AAC6BEEAA40}.Debug|Any CPU.ActiveCfg = Debug|Any CPU
		{A441EA5E-B3D6-9E9A-47C4-3AAC6BEEAA40}.Debug|Any CPU.Build.0 = Debug|Any CPU
		{A441EA5E-B3D6-9E9A-47C4-3AAC6BEEAA40}.Release|Any CPU.ActiveCfg = Release|Any CPU
		{A441EA5E-B3D6-9E9A-47C4-3AAC6BEEAA40}.Release|Any CPU.Build.0 = Release|Any CPU
		{70F9BFEA-CC6B-AE40-5EC9-6592E89629BE}.Debug|Any CPU.ActiveCfg = Debug|Any CPU
		{70F9BFEA-CC6B-AE40-5EC9-6592E89629BE}.Debug|Any CPU.Build.0 = Debug|Any CPU
		{70F9BFEA-CC6B-AE40-5EC9-6592E89629BE}.Release|Any CPU.ActiveCfg = Release|Any CPU
		{70F9BFEA-CC6B-AE40-5EC9-6592E89629BE}.Release|Any CPU.Build.0 = Release|Any CPU
	EndGlobalSection
	GlobalSection(SolutionProperties) = preSolution
		HideSolutionNode = FALSE
	EndGlobalSection
	GlobalSection(MonoDevelopProperties) = preSolution
		StartupItem = Assembly-CSharp.csproj
	EndGlobalSection
EndGlobal
